
Microsoft Visual Studio Solution File, Format Version 12.00
# Visual Studio Version 17
VisualStudioVersion = 17.12.35707.178 d17.12
MinimumVisualStudioVersion = 10.0.40219.1
Project("{FAE04EC0-301F-11D3-BF4B-00C04F79EFBC}") = "Ventas.Shared", "Ventas.Shared\Ventas.Shared.csproj", "{4AAB76E4-A8AD-4A6D-8C34-D78AAEDDB9F9}"
EndProject
Project("{FAE04EC0-301F-11D3-BF4B-00C04F79EFBC}") = "Ventas.API", "Ventas.API\Ventas.API.csproj", "{65A185F3-1E18-4CF2-9A29-B41295D4A6C4}"
EndProject
Project("{FAE04EC0-301F-11D3-BF4B-00C04F79EFBC}") = "Blazor.WEB", "Blazor.WEB\Blazor.WEB.csproj", "{36FE4AD1-91B3-4E6D-A435-086080A353FC}"
EndProject
Project("{FAE04EC0-301F-11D3-BF4B-00C04F79EFBC}") = "Ventas.Mobile", "Ventas.Mobile\Ventas.Mobile.csproj", "{9D92251A-5CFA-44C0-B11C-D1CF2A7B9E5F}"
EndProject
Global
	GlobalSection(SolutionConfigurationPlatforms) = preSolution
		Debug|Any CPU = Debug|Any CPU
		Release|Any CPU = Release|Any CPU
	EndGlobalSection
	GlobalSection(ProjectConfigurationPlatforms) = postSolution
		{4AAB76E4-A8AD-4A6D-8C34-D78AAEDDB9F9}.Debug|Any CPU.ActiveCfg = Debug|Any CPU
		{4AAB76E4-A8AD-4A6D-8C34-D78AAEDDB9F9}.Debug|Any CPU.Build.0 = Debug|Any CPU
		{4AAB76E4-A8AD-4A6D-8C34-D78AAEDDB9F9}.Release|Any CPU.ActiveCfg = Release|Any CPU
		{4AAB76E4-A8AD-4A6D-8C34-D78AAEDDB9F9}.Release|Any CPU.Build.0 = Release|Any CPU
		{65A185F3-1E18-4CF2-9A29-B41295D4A6C4}.Debug|Any CPU.ActiveCfg = Debug|Any CPU
		{65A185F3-1E18-4CF2-9A29-B41295D4A6C4}.Debug|Any CPU.Build.0 = Debug|Any CPU
		{65A185F3-1E18-4CF2-9A29-B41295D4A6C4}.Release|Any CPU.ActiveCfg = Release|Any CPU
		{65A185F3-1E18-4CF2-9A29-B41295D4A6C4}.Release|Any CPU.Build.0 = Release|Any CPU
		{36FE4AD1-91B3-4E6D-A435-086080A353FC}.Debug|Any CPU.ActiveCfg = Debug|Any CPU
		{36FE4AD1-91B3-4E6D-A435-086080A353FC}.Debug|Any CPU.Build.0 = Debug|Any CPU
		{36FE4AD1-91B3-4E6D-A435-086080A353FC}.Release|Any CPU.ActiveCfg = Release|Any CPU
		{36FE4AD1-91B3-4E6D-A435-086080A353FC}.Release|Any CPU.Build.0 = Release|Any CPU
		{9D92251A-5CFA-44C0-B11C-D1CF2A7B9E5F}.Debug|Any CPU.ActiveCfg = Debug|Any CPU
		{9D92251A-5CFA-44C0-B11C-D1CF2A7B9E5F}.Debug|Any CPU.Build.0 = Debug|Any CPU
		{9D92251A-5CFA-44C0-B11C-D1CF2A7B9E5F}.Debug|Any CPU.Deploy.0 = Debug|Any CPU
		{9D92251A-5CFA-44C0-B11C-D1CF2A7B9E5F}.Release|Any CPU.ActiveCfg = Release|Any CPU
		{9D92251A-5CFA-44C0-B11C-D1CF2A7B9E5F}.Release|Any CPU.Build.0 = Release|Any CPU
		{9D92251A-5CFA-44C0-B11C-D1CF2A7B9E5F}.Release|Any CPU.Deploy.0 = Release|Any CPU
	EndGlobalSection
	GlobalSection(SolutionProperties) = preSolution
		HideSolutionNode = FALSE
	EndGlobalSection
EndGlobal
